
Microsoft Visual Studio Solution File, Format Version 12.00
# Visual Studio Version 16
VisualStudioVersion = 16.0.30225.117
MinimumVisualStudioVersion = 10.0.40219.1
Project("{9A19103F-16F7-4668-BE54-9A1E7A4F7556}") = "mono-debug", "mono-debug.csproj", "{6B18B22D-6B1A-4BF9-BD46-DF84EE2181C5}"
EndProject
Project("{D954291E-2A0B-460D-934E-DC6B0785DB48}") = "Comet.Reload.Core", "..\Comet.Reload\Comet.Reload.Core\Comet.Reload.Core.shproj", "{4AF14C8D-878A-4CB4-8B61-60A531AB358B}"
EndProject
Project("{D954291E-2A0B-460D-934E-DC6B0785DB48}") = "Comet.Reload.IDE", "..\Comet.Reload\Comet.Reload.IDE\Comet.Reload.IDE.shproj", "{4F101B9A-EF2C-47B6-B7E0-007FE8B97168}"
EndProject
Project("{FAE04EC0-301F-11D3-BF4B-00C04F79EFBC}") = "AndroidDevices", "AndroidDevices\AndroidDevices.csproj", "{DAA7E9B5-D3E5-486A-BF62-74D2B5C7605B}"
EndProject
Global
	GlobalSection(SolutionConfigurationPlatforms) = preSolution
		Debug|Any CPU = Debug|Any CPU
		Release|Any CPU = Release|Any CPU
	EndGlobalSection
	GlobalSection(ProjectConfigurationPlatforms) = postSolution
		{6B18B22D-6B1A-4BF9-BD46-DF84EE2181C5}.Debug|Any CPU.ActiveCfg = Debug|Any CPU
		{6B18B22D-6B1A-4BF9-BD46-DF84EE2181C5}.Debug|Any CPU.Build.0 = Debug|Any CPU
		{6B18B22D-6B1A-4BF9-BD46-DF84EE2181C5}.Release|Any CPU.ActiveCfg = Release|Any CPU
		{6B18B22D-6B1A-4BF9-BD46-DF84EE2181C5}.Release|Any CPU.Build.0 = Release|Any CPU
		{DAA7E9B5-D3E5-486A-BF62-74D2B5C7605B}.Debug|Any CPU.ActiveCfg = Debug|Any CPU
		{DAA7E9B5-D3E5-486A-BF62-74D2B5C7605B}.Debug|Any CPU.Build.0 = Debug|Any CPU
		{DAA7E9B5-D3E5-486A-BF62-74D2B5C7605B}.Release|Any CPU.ActiveCfg = Release|Any CPU
		{DAA7E9B5-D3E5-486A-BF62-74D2B5C7605B}.Release|Any CPU.Build.0 = Release|Any CPU
	EndGlobalSection
	GlobalSection(SolutionProperties) = preSolution
		HideSolutionNode = FALSE
	EndGlobalSection
	GlobalSection(ExtensibilityGlobals) = postSolution
		SolutionGuid = {5BF750EB-6312-4099-8423-437ADA0C3CB7}
	EndGlobalSection
	GlobalSection(MonoDevelopProperties) = preSolution
		Policies = $0
		$0.DotNetNamingPolicy = $1
		$0.TextStylePolicy = $4
		$2.FileWidth = 160
		$2.scope = text/x-csharp
		$0.CSharpFormattingPolicy = $3
		$3.SimplePropertyFormatting = ForceNewLine
		$3.EnumBraceStyle = EndOfLine
		$3.ConstructorBraceStyle = EndOfLine
		$3.DestructorBraceStyle = EndOfLine
		$3.ElseNewLinePlacement = NewLine
		$3.CatchNewLinePlacement = NewLine
		$3.FinallyNewLinePlacement = NewLine
		$3.WhileNewLinePlacement = DoNotCare
		$3.ArrayInitializerWrapping = DoNotChange
		$3.ArrayInitializerBraceStyle = NextLine
		$3.BeforeMethodDeclarationParentheses = False
		$3.BeforeMethodCallParentheses = False
		$3.BeforeConstructorDeclarationParentheses = False
		$3.NewLineBeforeConstructorInitializerColon = NewLine
		$3.NewLineAfterConstructorInitializerColon = SameLine
		$3.BeforeDelegateDeclarationParentheses = False
		$3.AfterDelegateDeclarationParameterComma = True
		$3.NewParentheses = False
		$3.SpacesBeforeBrackets = False
		$3.scope = text/x-csharp
		$3.IndentSwitchSection = False
		$3.NewLinesForBracesInProperties = False
		$3.NewLinesForBracesInAccessors = False
		$3.NewLinesForBracesInAnonymousMethods = False
		$3.NewLinesForBracesInControlBlocks = False
		$3.NewLinesForBracesInAnonymousTypes = False
		$3.NewLinesForBracesInObjectCollectionArrayInitializers = False
		$3.NewLinesForBracesInLambdaExpressionBody = False
		$3.NewLineForElse = False
		$3.NewLineForCatch = False
		$3.NewLineForFinally = False
		$3.NewLineForMembersInObjectInit = False
		$3.NewLineForMembersInAnonymousTypes = False
		$3.NewLineForClausesInQuery = False
		$4.scope = text/plain
	EndGlobalSection
EndGlobal
