Microsoft Visual Studio Solution File, Format Version 12.00
# Visual Studio Version 16
VisualStudioVersion = 16.0.30317.65
MinimumVisualStudioVersion = 10.0.40219.1
Project("{9A19103F-16F7-4668-BE54-9A1E7A4F7556}") = "xamarin-debug", "xamarin-debug.csproj", "{38338CAD-05F1-4AD1-9ACF-47E8E7FE30C2}"
EndProject
Global
	GlobalSection(SolutionConfigurationPlatforms) = preSolution
		Debug|Any CPU = Debug|Any CPU
		Release|Any CPU = Release|Any CPU
	EndGlobalSection
	GlobalSection(ProjectConfigurationPlatforms) = postSolution
		{38338CAD-05F1-4AD1-9ACF-47E8E7FE30C2}.Debug|Any CPU.ActiveCfg = Debug|Any CPU
		{38338CAD-05F1-4AD1-9ACF-47E8E7FE30C2}.Debug|Any CPU.Build.0 = Debug|Any CPU
		{38338CAD-05F1-4AD1-9ACF-47E8E7FE30C2}.Release|Any CPU.ActiveCfg = Release|Any CPU
		{38338CAD-05F1-4AD1-9ACF-47E8E7FE30C2}.Release|Any CPU.Build.0 = Release|Any CPU
	EndGlobalSection
	GlobalSection(SolutionProperties) = preSolution
		HideSolutionNode = FALSE
	EndGlobalSection
	GlobalSection(ExtensibilityGlobals) = postSolution
		SolutionGuid = {C0062C7F-7F87-41DC-9A63-BE15C14E7A43}
	EndGlobalSection
EndGlobal
